<?xml version="1.0" encoding="utf-8"?>
<Project ToolsVersion="4.0" xmlns="http://schemas.microsoft.com/developer/msbuild/2003">
  <ItemGroup>
    <Filter Include="Source Files">
      <UniqueIdentifier>{4FC737F1-C7A5-4376-A066-2A32D752A2FF}</UniqueIdentifier>
      <Extensions>cpp;c;cc;cxx;def;odl;idl;hpj;bat;asm;asmx</Extensions>
    </Filter>
    <Filter Include="Header Files">
      <UniqueIdentifier>{93995380-89BD-4b04-88EB-625FBE52EBFB}</UniqueIdentifier>
      <Extensions>h;hh;hpp;hxx;hm;inl;inc;xsd</Extensions>
    </Filter>
    <Filter Include="Resource Files">
      <UniqueIdentifier>{67DA6AB6-F800-4c08-8B7A-83BB121AAD01}</UniqueIdentifier>
      <Extensions>rc;ico;cur;bmp;dlg;rc2;rct;bin;rgs;gif;jpg;jpeg;jpe;resx;tiff;tif;png;wav;mfcribbon-ms</Extensions>
    </Filter>
    <Filter Include="GUI">
      <UniqueIdentifier>{521947f9-05fb-4527-8d0c-3d0206c8c0ba}</UniqueIdentifier>
    </Filter>
    <Filter Include="moc">
      <UniqueIdentifier>{d0205263-aae5-40a6-829f-d46672870d8b}</UniqueIdentifier>
    </Filter>
    <Filter Include="Header Files\UI header">
      <UniqueIdentifier>{8221d3c2-32ce-4402-857d-06ad1f79bf7d}</UniqueIdentifier>
    </Filter>
  </ItemGroup>
  <ItemGroup>
    <Text Include="ReadMe.txt" />
  </ItemGroup>
  <ItemGroup>
    <ClInclude Include="stdafx.h">
      <Filter>Header Files</Filter>
    </ClInclude>
    <ClInclude Include="targetver.h">
      <Filter>Header Files</Filter>
    </ClInclude>
    <ClInclude Include="ui_GameWindow.h">
      <Filter>Header Files\UI header</Filter>
    </ClInclude>
    <ClInclude Include="DropableTable.h">
      <Filter>Header Files</Filter>
    </ClInclude>
    <ClInclude Include="Inventory.h">
      <Filter>Header Files</Filter>
    </ClInclude>
    <ClInclude Include="InventoryItem.h">
      <Filter>Header Files</Filter>
    </ClInclude>
    <ClInclude Include="Subject.h">
      <Filter>Header Files</Filter>
    </ClInclude>
    <ClInclude Include="SqlModule.h">
      <Filter>Header Files</Filter>
    </ClInclude>
    <ClInclude Include="ui_RunDlg.h">
      <Filter>Header Files\UI header</Filter>
    </ClInclude>
    <ClInclude Include="TupleObject.h">
      <Filter>Header Files</Filter>
    </ClInclude>
  </ItemGroup>
  <ItemGroup>
    <ClCompile Include="stdafx.cpp">
      <Filter>Source Files</Filter>
    </ClCompile>
    <ClCompile Include="InventoryGame.cpp">
      <Filter>Source Files</Filter>
    </ClCompile>
    <ClCompile Include="GameWindow.cpp">
      <Filter>Source Files</Filter>
    </ClCompile>
    <ClCompile Include="moc_GameWindow.cpp">
      <Filter>moc</Filter>
    </ClCompile>
    <ClCompile Include="DropableTable.cpp">
      <Filter>Source Files</Filter>
    </ClCompile>
    <ClCompile Include="Subject.cpp">
      <Filter>Source Files</Filter>
    </ClCompile>
    <ClCompile Include="moc_RunDlg.cpp">
      <Filter>moc</Filter>
    </ClCompile>
    <ClCompile Include="RunDlg.cpp">
      <Filter>Source Files</Filter>
    </ClCompile>
    <ClCompile Include="Client.cpp">
      <Filter>Source Files</Filter>
    </ClCompile>
    <ClCompile Include="moc_Client.cpp">
      <Filter>moc</Filter>
    </ClCompile>
    <ClCompile Include="Server.cpp">
      <Filter>Source Files</Filter>
    </ClCompile>
    <ClCompile Include="moc_Server.cpp">
      <Filter>moc</Filter>
    </ClCompile>
    <ClCompile Include="SqlModule.cpp">
      <Filter>Source Files</Filter>
    </ClCompile>
  </ItemGroup>
  <ItemGroup>
    <CustomBuild Include="GameWindow.ui">
      <Filter>GUI</Filter>
    </CustomBuild>
    <CustomBuild Include="..\resource\InventoryResource.qrc">
      <Filter>Resource Files</Filter>
    </CustomBuild>
    <CustomBuild Include="GameWindow.h">
      <Filter>Header Files</Filter>
    </CustomBuild>
    <CustomBuild Include="RunDlg.h">
      <Filter>Header Files</Filter>
    </CustomBuild>
    <CustomBuild Include="Client.h">
      <Filter>Header Files</Filter>
    </CustomBuild>
    <CustomBuild Include="RunDlg.ui">
      <Filter>GUI</Filter>
    </CustomBuild>
    <CustomBuild Include="Server.h">
      <Filter>Header Files</Filter>
    </CustomBuild>
  </ItemGroup>
</Project>